// !$*UTF8*$!
{
	archiveVersion = 1;
	classes = {
	};
	objectVersion = 77;
	objects = {

/* Begin PBXBuildFile section */
		F82EF6992D48511700D31639 /* EssentialFeed.framework in Frameworks */ = {isa = PBXBuildFile; fileRef = F82EF68D2D4850D300D31639 /* EssentialFeed.framework */; };
		F82EF69A2D48511700D31639 /* EssentialFeed.framework in Embed Frameworks */ = {isa = PBXBuildFile; fileRef = F82EF68D2D4850D300D31639 /* EssentialFeed.framework */; settings = {ATTRIBUTES = (CodeSignOnCopy, RemoveHeadersOnCopy, ); }; };
		F82EF69B2D48511700D31639 /* EssentialFeediOS.framework in Frameworks */ = {isa = PBXBuildFile; fileRef = F82EF6952D4850D300D31639 /* EssentialFeediOS.framework */; };
		F82EF69C2D48511700D31639 /* EssentialFeediOS.framework in Embed Frameworks */ = {isa = PBXBuildFile; fileRef = F82EF6952D4850D300D31639 /* EssentialFeediOS.framework */; settings = {ATTRIBUTES = (CodeSignOnCopy, RemoveHeadersOnCopy, ); }; };
/* End PBXBuildFile section */

/* Begin PBXContainerItemProxy section */
		F82EF68C2D4850D300D31639 /* PBXContainerItemProxy */ = {
			isa = PBXContainerItemProxy;
			containerPortal = F82EF6292D4850D300D31639 /* EssentialFeed.xcodeproj */;
			proxyType = 2;
			remoteGlobalIDString = 080EDEF121B6DA7E00813479;
			remoteInfo = EssentialFeed;
		};
		F82EF6942D4850D300D31639 /* PBXContainerItemProxy */ = {
			isa = PBXContainerItemProxy;
			containerPortal = F82EF6292D4850D300D31639 /* EssentialFeed.xcodeproj */;
			proxyType = 2;
			remoteGlobalIDString = F876AD552D3822CA002D3396;
			remoteInfo = EssentialFeediOS;
		};
		F8FD74F22D484F6500F4CB08 /* PBXContainerItemProxy */ = {
			isa = PBXContainerItemProxy;
			containerPortal = F8FD74D32D484F6300F4CB08 /* Project object */;
			proxyType = 1;
			remoteGlobalIDString = F8FD74DA2D484F6300F4CB08;
			remoteInfo = EssentialApp;
		};
		F8FD74FC2D484F6500F4CB08 /* PBXContainerItemProxy */ = {
			isa = PBXContainerItemProxy;
			containerPortal = F8FD74D32D484F6300F4CB08 /* Project object */;
			proxyType = 1;
			remoteGlobalIDString = F8FD74DA2D484F6300F4CB08;
			remoteInfo = EssentialApp;
		};
/* End PBXContainerItemProxy section */

/* Begin PBXCopyFilesBuildPhase section */
		F82EF69D2D48511700D31639 /* Embed Frameworks */ = {
			isa = PBXCopyFilesBuildPhase;
			buildActionMask = 2147483647;
			dstPath = "";
			dstSubfolderSpec = 10;
			files = (
				F82EF69A2D48511700D31639 /* EssentialFeed.framework in Embed Frameworks */,
				F82EF69C2D48511700D31639 /* EssentialFeediOS.framework in Embed Frameworks */,
			);
			name = "Embed Frameworks";
			runOnlyForDeploymentPostprocessing = 0;
		};
/* End PBXCopyFilesBuildPhase section */

/* Begin PBXFileReference section */
		F82EF6292D4850D300D31639 /* EssentialFeed.xcodeproj */ = {isa = PBXFileReference; lastKnownFileType = "wrapper.pb-project"; name = EssentialFeed.xcodeproj; path = ../EssentialFeed.xcodeproj; sourceTree = SOURCE_ROOT; };
		F8FD74DB2D484F6300F4CB08 /* EssentialApp.app */ = {isa = PBXFileReference; explicitFileType = wrapper.application; includeInIndex = 0; path = EssentialApp.app; sourceTree = BUILT_PRODUCTS_DIR; };
		F8FD74F12D484F6500F4CB08 /* EssentialAppTests.xctest */ = {isa = PBXFileReference; explicitFileType = wrapper.cfbundle; includeInIndex = 0; path = EssentialAppTests.xctest; sourceTree = BUILT_PRODUCTS_DIR; };
		F8FD74FB2D484F6500F4CB08 /* EssentialAppUITests.xctest */ = {isa = PBXFileReference; explicitFileType = wrapper.cfbundle; includeInIndex = 0; path = EssentialAppUITests.xctest; sourceTree = BUILT_PRODUCTS_DIR; };
/* End PBXFileReference section */

/* Begin PBXFileSystemSynchronizedBuildFileExceptionSet section */
		F8FD75032D484F6500F4CB08 /* Exceptions for "EssentialApp" folder in "EssentialApp" target */ = {
			isa = PBXFileSystemSynchronizedBuildFileExceptionSet;
			membershipExceptions = (
				Info.plist,
			);
			target = F8FD74DA2D484F6300F4CB08 /* EssentialApp */;
		};
/* End PBXFileSystemSynchronizedBuildFileExceptionSet section */

/* Begin PBXFileSystemSynchronizedRootGroup section */
		F8FD74DD2D484F6300F4CB08 /* EssentialApp */ = {
			isa = PBXFileSystemSynchronizedRootGroup;
			exceptions = (
				F8FD75032D484F6500F4CB08 /* Exceptions for "EssentialApp" folder in "EssentialApp" target */,
			);
			path = EssentialApp;
			sourceTree = "<group>";
		};
		F8FD74F42D484F6500F4CB08 /* EssentialAppTests */ = {
			isa = PBXFileSystemSynchronizedRootGroup;
			path = EssentialAppTests;
			sourceTree = "<group>";
		};
		F8FD74FE2D484F6500F4CB08 /* EssentialAppUITests */ = {
			isa = PBXFileSystemSynchronizedRootGroup;
			path = EssentialAppUITests;
			sourceTree = "<group>";
		};
/* End PBXFileSystemSynchronizedRootGroup section */

/* Begin PBXFrameworksBuildPhase section */
		F8FD74D82D484F6300F4CB08 /* Frameworks */ = {
			isa = PBXFrameworksBuildPhase;
			buildActionMask = 2147483647;
			files = (
				F82EF6992D48511700D31639 /* EssentialFeed.framework in Frameworks */,
				F82EF69B2D48511700D31639 /* EssentialFeediOS.framework in Frameworks */,
			);
			runOnlyForDeploymentPostprocessing = 0;
		};
		F8FD74EE2D484F6500F4CB08 /* Frameworks */ = {
			isa = PBXFrameworksBuildPhase;
			buildActionMask = 2147483647;
			files = (
			);
			runOnlyForDeploymentPostprocessing = 0;
		};
		F8FD74F82D484F6500F4CB08 /* Frameworks */ = {
			isa = PBXFrameworksBuildPhase;
			buildActionMask = 2147483647;
			files = (
			);
			runOnlyForDeploymentPostprocessing = 0;
		};
/* End PBXFrameworksBuildPhase section */

/* Begin PBXGroup section */
		F82EF6842D4850D300D31639 /* Products */ = {
			isa = PBXGroup;
			children = (
				F82EF68D2D4850D300D31639 /* EssentialFeed.framework */,
				F82EF6952D4850D300D31639 /* EssentialFeediOS.framework */,
			);
			name = Products;
			sourceTree = "<group>";
		};
		F82EF6982D48511700D31639 /* Frameworks */ = {
			isa = PBXGroup;
			children = (
			);
			name = Frameworks;
			sourceTree = "<group>";
		};
		F8FD74D22D484F6300F4CB08 = {
			isa = PBXGroup;
			children = (
				F8FD74DD2D484F6300F4CB08 /* EssentialApp */,
				F8FD74F42D484F6500F4CB08 /* EssentialAppTests */,
				F8FD74FE2D484F6500F4CB08 /* EssentialAppUITests */,
				F8FD74DC2D484F6300F4CB08 /* Products */,
				F82EF6292D4850D300D31639 /* EssentialFeed.xcodeproj */,
				F82EF6982D48511700D31639 /* Frameworks */,
			);
			sourceTree = "<group>";
		};
		F8FD74DC2D484F6300F4CB08 /* Products */ = {
			isa = PBXGroup;
			children = (
				F8FD74DB2D484F6300F4CB08 /* EssentialApp.app */,
				F8FD74F12D484F6500F4CB08 /* EssentialAppTests.xctest */,
				F8FD74FB2D484F6500F4CB08 /* EssentialAppUITests.xctest */,
			);
			name = Products;
			sourceTree = "<group>";
		};
/* End PBXGroup section */

/* Begin PBXNativeTarget section */
		F8FD74DA2D484F6300F4CB08 /* EssentialApp */ = {
			isa = PBXNativeTarget;
			buildConfigurationList = F8FD75042D484F6500F4CB08 /* Build configuration list for PBXNativeTarget "EssentialApp" */;
			buildPhases = (
				F8FD74D72D484F6300F4CB08 /* Sources */,
				F8FD74D82D484F6300F4CB08 /* Frameworks */,
				F8FD74D92D484F6300F4CB08 /* Resources */,
				F82EF69D2D48511700D31639 /* Embed Frameworks */,
			);
			buildRules = (
			);
			dependencies = (
			);
			fileSystemSynchronizedGroups = (
				F8FD74DD2D484F6300F4CB08 /* EssentialApp */,
			);
			name = EssentialApp;
			packageProductDependencies = (
			);
			productName = EssentialApp;
			productReference = F8FD74DB2D484F6300F4CB08 /* EssentialApp.app */;
			productType = "com.apple.product-type.application";
		};
		F8FD74F02D484F6500F4CB08 /* EssentialAppTests */ = {
			isa = PBXNativeTarget;
			buildConfigurationList = F8FD75092D484F6500F4CB08 /* Build configuration list for PBXNativeTarget "EssentialAppTests" */;
			buildPhases = (
				F8FD74ED2D484F6500F4CB08 /* Sources */,
				F8FD74EE2D484F6500F4CB08 /* Frameworks */,
				F8FD74EF2D484F6500F4CB08 /* Resources */,
			);
			buildRules = (
			);
			dependencies = (
				F8FD74F32D484F6500F4CB08 /* PBXTargetDependency */,
			);
			fileSystemSynchronizedGroups = (
				F8FD74F42D484F6500F4CB08 /* EssentialAppTests */,
			);
			name = EssentialAppTests;
			packageProductDependencies = (
			);
			productName = EssentialAppTests;
			productReference = F8FD74F12D484F6500F4CB08 /* EssentialAppTests.xctest */;
			productType = "com.apple.product-type.bundle.unit-test";
		};
		F8FD74FA2D484F6500F4CB08 /* EssentialAppUITests */ = {
			isa = PBXNativeTarget;
			buildConfigurationList = F8FD750C2D484F6500F4CB08 /* Build configuration list for PBXNativeTarget "EssentialAppUITests" */;
			buildPhases = (
				F8FD74F72D484F6500F4CB08 /* Sources */,
				F8FD74F82D484F6500F4CB08 /* Frameworks */,
				F8FD74F92D484F6500F4CB08 /* Resources */,
			);
			buildRules = (
			);
			dependencies = (
				F8FD74FD2D484F6500F4CB08 /* PBXTargetDependency */,
			);
			fileSystemSynchronizedGroups = (
				F8FD74FE2D484F6500F4CB08 /* EssentialAppUITests */,
			);
			name = EssentialAppUITests;
			packageProductDependencies = (
			);
			productName = EssentialAppUITests;
			productReference = F8FD74FB2D484F6500F4CB08 /* EssentialAppUITests.xctest */;
			productType = "com.apple.product-type.bundle.ui-testing";
		};
/* End PBXNativeTarget section */

/* Begin PBXProject section */
		F8FD74D32D484F6300F4CB08 /* Project object */ = {
			isa = PBXProject;
			attributes = {
				BuildIndependentTargetsInParallel = 1;
				LastSwiftUpdateCheck = 1620;
				LastUpgradeCheck = 1620;
				TargetAttributes = {
					F8FD74DA2D484F6300F4CB08 = {
						CreatedOnToolsVersion = 16.2;
					};
					F8FD74F02D484F6500F4CB08 = {
						CreatedOnToolsVersion = 16.2;
						TestTargetID = F8FD74DA2D484F6300F4CB08;
					};
					F8FD74FA2D484F6500F4CB08 = {
						CreatedOnToolsVersion = 16.2;
						TestTargetID = F8FD74DA2D484F6300F4CB08;
					};
				};
			};
			buildConfigurationList = F8FD74D62D484F6300F4CB08 /* Build configuration list for PBXProject "EssentialApp" */;
			developmentRegion = en;
			hasScannedForEncodings = 0;
			knownRegions = (
				en,
				Base,
			);
			mainGroup = F8FD74D22D484F6300F4CB08;
			minimizedProjectReferenceProxies = 1;
			preferredProjectObjectVersion = 77;
			productRefGroup = F8FD74DC2D484F6300F4CB08 /* Products */;
			projectDirPath = "";
			projectReferences = (
				{
					ProductGroup = F82EF6842D4850D300D31639 /* Products */;
					ProjectRef = F82EF6292D4850D300D31639 /* EssentialFeed.xcodeproj */;
				},
			);
			projectRoot = "";
			targets = (
				F8FD74DA2D484F6300F4CB08 /* EssentialApp */,
				F8FD74F02D484F6500F4CB08 /* EssentialAppTests */,
				F8FD74FA2D484F6500F4CB08 /* EssentialAppUITests */,
			);
		};
/* End PBXProject section */

/* Begin PBXReferenceProxy section */
		F82EF68D2D4850D300D31639 /* EssentialFeed.framework */ = {
			isa = PBXReferenceProxy;
			fileType = wrapper.framework;
			path = EssentialFeed.framework;
			remoteRef = F82EF68C2D4850D300D31639 /* PBXContainerItemProxy */;
			sourceTree = BUILT_PRODUCTS_DIR;
		};
		F82EF6952D4850D300D31639 /* EssentialFeediOS.framework */ = {
			isa = PBXReferenceProxy;
			fileType = wrapper.framework;
			path = EssentialFeediOS.framework;
			remoteRef = F82EF6942D4850D300D31639 /* PBXContainerItemProxy */;
			sourceTree = BUILT_PRODUCTS_DIR;
		};
/* End PBXReferenceProxy section */

/* Begin PBXResourcesBuildPhase section */
		F8FD74D92D484F6300F4CB08 /* Resources */ = {
			isa = PBXResourcesBuildPhase;
			buildActionMask = 2147483647;
			files = (
			);
			runOnlyForDeploymentPostprocessing = 0;
		};
		F8FD74EF2D484F6500F4CB08 /* Resources */ = {
			isa = PBXResourcesBuildPhase;
			buildActionMask = 2147483647;
			files = (
			);
			runOnlyForDeploymentPostprocessing = 0;
		};
		F8FD74F92D484F6500F4CB08 /* Resources */ = {
			isa = PBXResourcesBuildPhase;
			buildActionMask = 2147483647;
			files = (
			);
			runOnlyForDeploymentPostprocessing = 0;
		};
/* End PBXResourcesBuildPhase section */

/* Begin PBXSourcesBuildPhase section */
		F8FD74D72D484F6300F4CB08 /* Sources */ = {
			isa = PBXSourcesBuildPhase;
			buildActionMask = 2147483647;
			files = (
			);
			runOnlyForDeploymentPostprocessing = 0;
		};
		F8FD74ED2D484F6500F4CB08 /* Sources */ = {
			isa = PBXSourcesBuildPhase;
			buildActionMask = 2147483647;
			files = (
			);
			runOnlyForDeploymentPostprocessing = 0;
		};
		F8FD74F72D484F6500F4CB08 /* Sources */ = {
			isa = PBXSourcesBuildPhase;
			buildActionMask = 2147483647;
			files = (
			);
			runOnlyForDeploymentPostprocessing = 0;
		};
/* End PBXSourcesBuildPhase section */

/* Begin PBXTargetDependency section */
		F8FD74F32D484F6500F4CB08 /* PBXTargetDependency */ = {
			isa = PBXTargetDependency;
			target = F8FD74DA2D484F6300F4CB08 /* EssentialApp */;
			targetProxy = F8FD74F22D484F6500F4CB08 /* PBXContainerItemProxy */;
		};
		F8FD74FD2D484F6500F4CB08 /* PBXTargetDependency */ = {
			isa = PBXTargetDependency;
			target = F8FD74DA2D484F6300F4CB08 /* EssentialApp */;
			targetProxy = F8FD74FC2D484F6500F4CB08 /* PBXContainerItemProxy */;
		};
/* End PBXTargetDependency section */

/* Begin XCBuildConfiguration section */
		F8FD75052D484F6500F4CB08 /* Debug */ = {
			isa = XCBuildConfiguration;
			buildSettings = {
				ASSETCATALOG_COMPILER_APPICON_NAME = AppIcon;
				ASSETCATALOG_COMPILER_GLOBAL_ACCENT_COLOR_NAME = AccentColor;
				CODE_SIGN_STYLE = Automatic;
				CURRENT_PROJECT_VERSION = 1;
				DEVELOPMENT_TEAM = Y55P8TSHXH;
				GENERATE_INFOPLIST_FILE = YES;
				INFOPLIST_FILE = EssentialApp/Info.plist;
				INFOPLIST_KEY_UIApplicationSupportsIndirectInputEvents = YES;
				INFOPLIST_KEY_UILaunchStoryboardName = LaunchScreen;
				INFOPLIST_KEY_UIMainStoryboardFile = Main;
				INFOPLIST_KEY_UISupportedInterfaceOrientations = "UIInterfaceOrientationLandscapeLeft UIInterfaceOrientationLandscapeRight UIInterfaceOrientationPortrait";
				INFOPLIST_KEY_UISupportedInterfaceOrientations_iPad = "UIInterfaceOrientationPortrait UIInterfaceOrientationPortraitUpsideDown";
				LD_RUNPATH_SEARCH_PATHS = (
					"$(inherited)",
					"@executable_path/Frameworks",
				);
				MARKETING_VERSION = 1.0;
				PRODUCT_BUNDLE_IDENTIFIER = com.mikalaishukhno.EssentialApp;
				PRODUCT_NAME = "$(TARGET_NAME)";
				SWIFT_EMIT_LOC_STRINGS = YES;
				SWIFT_VERSION = 5.0;
				TARGETED_DEVICE_FAMILY = "1,2";
			};
			name = Debug;
		};
		F8FD75062D484F6500F4CB08 /* Release */ = {
			isa = XCBuildConfiguration;
			buildSettings = {
				ASSETCATALOG_COMPILER_APPICON_NAME = AppIcon;
				ASSETCATALOG_COMPILER_GLOBAL_ACCENT_COLOR_NAME = AccentColor;
				CODE_SIGN_STYLE = Automatic;
				CURRENT_PROJECT_VERSION = 1;
				DEVELOPMENT_TEAM = Y55P8TSHXH;
				GENERATE_INFOPLIST_FILE = YES;
				INFOPLIST_FILE = EssentialApp/Info.plist;
				INFOPLIST_KEY_UIApplicationSupportsIndirectInputEvents = YES;
				INFOPLIST_KEY_UILaunchStoryboardName = LaunchScreen;
				INFOPLIST_KEY_UIMainStoryboardFile = Main;
				INFOPLIST_KEY_UISupportedInterfaceOrientations = "UIInterfaceOrientationLandscapeLeft UIInterfaceOrientationLandscapeRight UIInterfaceOrientationPortrait";
				INFOPLIST_KEY_UISupportedInterfaceOrientations_iPad = "UIInterfaceOrientationPortrait UIInterfaceOrientationPortraitUpsideDown";
				LD_RUNPATH_SEARCH_PATHS = (
					"$(inherited)",
					"@executable_path/Frameworks",
				);
				MARKETING_VERSION = 1.0;
				PRODUCT_BUNDLE_IDENTIFIER = com.mikalaishukhno.EssentialApp;
				PRODUCT_NAME = "$(TARGET_NAME)";
				SWIFT_EMIT_LOC_STRINGS = YES;
				SWIFT_VERSION = 5.0;
				TARGETED_DEVICE_FAMILY = "1,2";
			};
			name = Release;
		};
		F8FD75072D484F6500F4CB08 /* Debug */ = {
			isa = XCBuildConfiguration;
			buildSettings = {
				ALWAYS_SEARCH_USER_PATHS = NO;
				ASSETCATALOG_COMPILER_GENERATE_SWIFT_ASSET_SYMBOL_EXTENSIONS = YES;
				CLANG_ANALYZER_NONNULL = YES;
				CLANG_ANALYZER_NUMBER_OBJECT_CONVERSION = YES_AGGRESSIVE;
				CLANG_CXX_LANGUAGE_STANDARD = "gnu++20";
				CLANG_ENABLE_MODULES = YES;
				CLANG_ENABLE_OBJC_ARC = YES;
				CLANG_ENABLE_OBJC_WEAK = YES;
				CLANG_WARN_BLOCK_CAPTURE_AUTORELEASING = YES;
				CLANG_WARN_BOOL_CONVERSION = YES;
				CLANG_WARN_COMMA = YES;
				CLANG_WARN_CONSTANT_CONVERSION = YES;
				CLANG_WARN_DEPRECATED_OBJC_IMPLEMENTATIONS = YES;
				CLANG_WARN_DIRECT_OBJC_ISA_USAGE = YES_ERROR;
				CLANG_WARN_DOCUMENTATION_COMMENTS = YES;
				CLANG_WARN_EMPTY_BODY = YES;
				CLANG_WARN_ENUM_CONVERSION = YES;
				CLANG_WARN_INFINITE_RECURSION = YES;
				CLANG_WARN_INT_CONVERSION = YES;
				CLANG_WARN_NON_LITERAL_NULL_CONVERSION = YES;
				CLANG_WARN_OBJC_IMPLICIT_RETAIN_SELF = YES;
				CLANG_WARN_OBJC_LITERAL_CONVERSION = YES;
				CLANG_WARN_OBJC_ROOT_CLASS = YES_ERROR;
				CLANG_WARN_QUOTED_INCLUDE_IN_FRAMEWORK_HEADER = YES;
				CLANG_WARN_RANGE_LOOP_ANALYSIS = YES;
				CLANG_WARN_STRICT_PROTOTYPES = YES;
				CLANG_WARN_SUSPICIOUS_MOVE = YES;
				CLANG_WARN_UNGUARDED_AVAILABILITY = YES_AGGRESSIVE;
				CLANG_WARN_UNREACHABLE_CODE = YES;
				CLANG_WARN__DUPLICATE_METHOD_MATCH = YES;
				COPY_PHASE_STRIP = NO;
				DEBUG_INFORMATION_FORMAT = dwarf;
				ENABLE_STRICT_OBJC_MSGSEND = YES;
				ENABLE_TESTABILITY = YES;
				ENABLE_USER_SCRIPT_SANDBOXING = YES;
				GCC_C_LANGUAGE_STANDARD = gnu17;
				GCC_DYNAMIC_NO_PIC = NO;
				GCC_NO_COMMON_BLOCKS = YES;
				GCC_OPTIMIZATION_LEVEL = 0;
				GCC_PREPROCESSOR_DEFINITIONS = (
					"DEBUG=1",
					"$(inherited)",
				);
				GCC_WARN_64_TO_32_BIT_CONVERSION = YES;
				GCC_WARN_ABOUT_RETURN_TYPE = YES_ERROR;
				GCC_WARN_UNDECLARED_SELECTOR = YES;
				GCC_WARN_UNINITIALIZED_AUTOS = YES_AGGRESSIVE;
				GCC_WARN_UNUSED_FUNCTION = YES;
				GCC_WARN_UNUSED_VARIABLE = YES;
				IPHONEOS_DEPLOYMENT_TARGET = 18.2;
				LOCALIZATION_PREFERS_STRING_CATALOGS = YES;
				MTL_ENABLE_DEBUG_INFO = INCLUDE_SOURCE;
				MTL_FAST_MATH = YES;
				ONLY_ACTIVE_ARCH = YES;
				SDKROOT = iphoneos;
				SWIFT_ACTIVE_COMPILATION_CONDITIONS = "DEBUG $(inherited)";
				SWIFT_OPTIMIZATION_LEVEL = "-Onone";
			};
			name = Debug;
		};
		F8FD75082D484F6500F4CB08 /* Release */ = {
			isa = XCBuildConfiguration;
			buildSettings = {
				ALWAYS_SEARCH_USER_PATHS = NO;
				ASSETCATALOG_COMPILER_GENERATE_SWIFT_ASSET_SYMBOL_EXTENSIONS = YES;
				CLANG_ANALYZER_NONNULL = YES;
				CLANG_ANALYZER_NUMBER_OBJECT_CONVERSION = YES_AGGRESSIVE;
				CLANG_CXX_LANGUAGE_STANDARD = "gnu++20";
				CLANG_ENABLE_MODULES = YES;
				CLANG_ENABLE_OBJC_ARC = YES;
				CLANG_ENABLE_OBJC_WEAK = YES;
				CLANG_WARN_BLOCK_CAPTURE_AUTORELEASING = YES;
				CLANG_WARN_BOOL_CONVERSION = YES;
				CLANG_WARN_COMMA = YES;
				CLANG_WARN_CONSTANT_CONVERSION = YES;
				CLANG_WARN_DEPRECATED_OBJC_IMPLEMENTATIONS = YES;
				CLANG_WARN_DIRECT_OBJC_ISA_USAGE = YES_ERROR;
				CLANG_WARN_DOCUMENTATION_COMMENTS = YES;
				CLANG_WARN_EMPTY_BODY = YES;
				CLANG_WARN_ENUM_CONVERSION = YES;
				CLANG_WARN_INFINITE_RECURSION = YES;
				CLANG_WARN_INT_CONVERSION = YES;
				CLANG_WARN_NON_LITERAL_NULL_CONVERSION = YES;
				CLANG_WARN_OBJC_IMPLICIT_RETAIN_SELF = YES;
				CLANG_WARN_OBJC_LITERAL_CONVERSION = YES;
				CLANG_WARN_OBJC_ROOT_CLASS = YES_ERROR;
				CLANG_WARN_QUOTED_INCLUDE_IN_FRAMEWORK_HEADER = YES;
				CLANG_WARN_RANGE_LOOP_ANALYSIS = YES;
				CLANG_WARN_STRICT_PROTOTYPES = YES;
				CLANG_WARN_SUSPICIOUS_MOVE = YES;
				CLANG_WARN_UNGUARDED_AVAILABILITY = YES_AGGRESSIVE;
				CLANG_WARN_UNREACHABLE_CODE = YES;
				CLANG_WARN__DUPLICATE_METHOD_MATCH = YES;
				COPY_PHASE_STRIP = NO;
				DEBUG_INFORMATION_FORMAT = "dwarf-with-dsym";
				ENABLE_NS_ASSERTIONS = NO;
				ENABLE_STRICT_OBJC_MSGSEND = YES;
				ENABLE_USER_SCRIPT_SANDBOXING = YES;
				GCC_C_LANGUAGE_STANDARD = gnu17;
				GCC_NO_COMMON_BLOCKS = YES;
				GCC_WARN_64_TO_32_BIT_CONVERSION = YES;
				GCC_WARN_ABOUT_RETURN_TYPE = YES_ERROR;
				GCC_WARN_UNDECLARED_SELECTOR = YES;
				GCC_WARN_UNINITIALIZED_AUTOS = YES_AGGRESSIVE;
				GCC_WARN_UNUSED_FUNCTION = YES;
				GCC_WARN_UNUSED_VARIABLE = YES;
				IPHONEOS_DEPLOYMENT_TARGET = 18.2;
				LOCALIZATION_PREFERS_STRING_CATALOGS = YES;
				MTL_ENABLE_DEBUG_INFO = NO;
				MTL_FAST_MATH = YES;
				SDKROOT = iphoneos;
				SWIFT_COMPILATION_MODE = wholemodule;
				VALIDATE_PRODUCT = YES;
			};
			name = Release;
		};
		F8FD750A2D484F6500F4CB08 /* Debug */ = {
			isa = XCBuildConfiguration;
			buildSettings = {
				BUNDLE_LOADER = "$(TEST_HOST)";
				CODE_SIGN_STYLE = Automatic;
				CURRENT_PROJECT_VERSION = 1;
				DEVELOPMENT_TEAM = Y55P8TSHXH;
				GENERATE_INFOPLIST_FILE = YES;
				IPHONEOS_DEPLOYMENT_TARGET = 18.2;
				MARKETING_VERSION = 1.0;
				PRODUCT_BUNDLE_IDENTIFIER = com.mikalaishukhno.EssentialAppTests;
				PRODUCT_NAME = "$(TARGET_NAME)";
				SWIFT_EMIT_LOC_STRINGS = NO;
				SWIFT_VERSION = 5.0;
				TARGETED_DEVICE_FAMILY = "1,2";
				TEST_HOST = "$(BUILT_PRODUCTS_DIR)/EssentialApp.app/$(BUNDLE_EXECUTABLE_FOLDER_PATH)/EssentialApp";
			};
			name = Debug;
		};
		F8FD750B2D484F6500F4CB08 /* Release */ = {
			isa = XCBuildConfiguration;
			buildSettings = {
				BUNDLE_LOADER = "$(TEST_HOST)";
				CODE_SIGN_STYLE = Automatic;
				CURRENT_PROJECT_VERSION = 1;
				DEVELOPMENT_TEAM = Y55P8TSHXH;
				GENERATE_INFOPLIST_FILE = YES;
				IPHONEOS_DEPLOYMENT_TARGET = 18.2;
				MARKETING_VERSION = 1.0;
				PRODUCT_BUNDLE_IDENTIFIER = com.mikalaishukhno.EssentialAppTests;
				PRODUCT_NAME = "$(TARGET_NAME)";
				SWIFT_EMIT_LOC_STRINGS = NO;
				SWIFT_VERSION = 5.0;
				TARGETED_DEVICE_FAMILY = "1,2";
				TEST_HOST = "$(BUILT_PRODUCTS_DIR)/EssentialApp.app/$(BUNDLE_EXECUTABLE_FOLDER_PATH)/EssentialApp";
			};
			name = Release;
		};
		F8FD750D2D484F6500F4CB08 /* Debug */ = {
			isa = XCBuildConfiguration;
			buildSettings = {
				CODE_SIGN_STYLE = Automatic;
				CURRENT_PROJECT_VERSION = 1;
				DEVELOPMENT_TEAM = Y55P8TSHXH;
				GENERATE_INFOPLIST_FILE = YES;
				MARKETING_VERSION = 1.0;
				PRODUCT_BUNDLE_IDENTIFIER = com.mikalaishukhno.EssentialAppUITests;
				PRODUCT_NAME = "$(TARGET_NAME)";
				SWIFT_EMIT_LOC_STRINGS = NO;
				SWIFT_VERSION = 5.0;
				TARGETED_DEVICE_FAMILY = "1,2";
				TEST_TARGET_NAME = EssentialApp;
			};
			name = Debug;
		};
		F8FD750E2D484F6500F4CB08 /* Release */ = {
			isa = XCBuildConfiguration;
			buildSettings = {
				CODE_SIGN_STYLE = Automatic;
				CURRENT_PROJECT_VERSION = 1;
				DEVELOPMENT_TEAM = Y55P8TSHXH;
				GENERATE_INFOPLIST_FILE = YES;
				MARKETING_VERSION = 1.0;
				PRODUCT_BUNDLE_IDENTIFIER = com.mikalaishukhno.EssentialAppUITests;
				PRODUCT_NAME = "$(TARGET_NAME)";
				SWIFT_EMIT_LOC_STRINGS = NO;
				SWIFT_VERSION = 5.0;
				TARGETED_DEVICE_FAMILY = "1,2";
				TEST_TARGET_NAME = EssentialApp;
			};
			name = Release;
		};
/* End XCBuildConfiguration section */

/* Begin XCConfigurationList section */
		F8FD74D62D484F6300F4CB08 /* Build configuration list for PBXProject "EssentialApp" */ = {
			isa = XCConfigurationList;
			buildConfigurations = (
				F8FD75072D484F6500F4CB08 /* Debug */,
				F8FD75082D484F6500F4CB08 /* Release */,
			);
			defaultConfigurationIsVisible = 0;
			defaultConfigurationName = Release;
		};
		F8FD75042D484F6500F4CB08 /* Build configuration list for PBXNativeTarget "EssentialApp" */ = {
			isa = XCConfigurationList;
			buildConfigurations = (
				F8FD75052D484F6500F4CB08 /* Debug */,
				F8FD75062D484F6500F4CB08 /* Release */,
			);
			defaultConfigurationIsVisible = 0;
			defaultConfigurationName = Release;
		};
		F8FD75092D484F6500F4CB08 /* Build configuration list for PBXNativeTarget "EssentialAppTests" */ = {
			isa = XCConfigurationList;
			buildConfigurations = (
				F8FD750A2D484F6500F4CB08 /* Debug */,
				F8FD750B2D484F6500F4CB08 /* Release */,
			);
			defaultConfigurationIsVisible = 0;
			defaultConfigurationName = Release;
		};
		F8FD750C2D484F6500F4CB08 /* Build configuration list for PBXNativeTarget "EssentialAppUITests" */ = {
			isa = XCConfigurationList;
			buildConfigurations = (
				F8FD750D2D484F6500F4CB08 /* Debug */,
				F8FD750E2D484F6500F4CB08 /* Release */,
			);
			defaultConfigurationIsVisible = 0;
			defaultConfigurationName = Release;
		};
/* End XCConfigurationList section */
	};
	rootObject = F8FD74D32D484F6300F4CB08 /* Project object */;
}
